// !$*UTF8*$!
{
	archiveVersion = 1;
	classes = {
	};
	objectVersion = 50;
	objects = {

/* Begin PBXBuildFile section */
		837E93B0260AF6FA00BA7E38 /* AppDelegate.swift in Sources */ = {isa = PBXBuildFile; fileRef = 837E93AF260AF6FA00BA7E38 /* AppDelegate.swift */; };
		837E93B2260AF6FA00BA7E38 /* SceneDelegate.swift in Sources */ = {isa = PBXBuildFile; fileRef = 837E93B1260AF6FA00BA7E38 /* SceneDelegate.swift */; };
		837E93B4260AF6FA00BA7E38 /* TaskListViewController.swift in Sources */ = {isa = PBXBuildFile; fileRef = 837E93B3260AF6FA00BA7E38 /* TaskListViewController.swift */; };
		837E93B7260AF6FA00BA7E38 /* Main.storyboard in Resources */ = {isa = PBXBuildFile; fileRef = 837E93B5260AF6FA00BA7E38 /* Main.storyboard */; };
		837E93BA260AF6FA00BA7E38 /* Task_List.xcdatamodeld in Sources */ = {isa = PBXBuildFile; fileRef = 837E93B8260AF6FA00BA7E38 /* Task_List.xcdatamodeld */; };
		837E93BC260AF6FF00BA7E38 /* Assets.xcassets in Resources */ = {isa = PBXBuildFile; fileRef = 837E93BB260AF6FF00BA7E38 /* Assets.xcassets */; };
		837E93BF260AF6FF00BA7E38 /* LaunchScreen.storyboard in Resources */ = {isa = PBXBuildFile; fileRef = 837E93BD260AF6FF00BA7E38 /* LaunchScreen.storyboard */; };
		837E93CA260AF70000BA7E38 /* Task_ListTests.swift in Sources */ = {isa = PBXBuildFile; fileRef = 837E93C9260AF70000BA7E38 /* Task_ListTests.swift */; };
		837E93D5260AF70000BA7E38 /* Task_ListUITests.swift in Sources */ = {isa = PBXBuildFile; fileRef = 837E93D4260AF70000BA7E38 /* Task_ListUITests.swift */; };
/* End PBXBuildFile section */

/* Begin PBXContainerItemProxy section */
		837E93C6260AF70000BA7E38 /* PBXContainerItemProxy */ = {
			isa = PBXContainerItemProxy;
			containerPortal = 837E93A4260AF6F900BA7E38 /* Project object */;
			proxyType = 1;
			remoteGlobalIDString = 837E93AB260AF6FA00BA7E38;
			remoteInfo = "Task List";
		};
		837E93D1260AF70000BA7E38 /* PBXContainerItemProxy */ = {
			isa = PBXContainerItemProxy;
			containerPortal = 837E93A4260AF6F900BA7E38 /* Project object */;
			proxyType = 1;
			remoteGlobalIDString = 837E93AB260AF6FA00BA7E38;
			remoteInfo = "Task List";
		};
/* End PBXContainerItemProxy section */

/* Begin PBXFileReference section */
		837E93AC260AF6FA00BA7E38 /* Task List.app */ = {isa = PBXFileReference; explicitFileType = wrapper.application; includeInIndex = 0; path = "Task List.app"; sourceTree = BUILT_PRODUCTS_DIR; };
		837E93AF260AF6FA00BA7E38 /* AppDelegate.swift */ = {isa = PBXFileReference; lastKnownFileType = sourcecode.swift; path = AppDelegate.swift; sourceTree = "<group>"; };
		837E93B1260AF6FA00BA7E38 /* SceneDelegate.swift */ = {isa = PBXFileReference; lastKnownFileType = sourcecode.swift; path = SceneDelegate.swift; sourceTree = "<group>"; };
		837E93B3260AF6FA00BA7E38 /* TaskListViewController.swift */ = {isa = PBXFileReference; lastKnownFileType = sourcecode.swift; path = TaskListViewController.swift; sourceTree = "<group>"; };
		837E93B6260AF6FA00BA7E38 /* Base */ = {isa = PBXFileReference; lastKnownFileType = file.storyboard; name = Base; path = Base.lproj/Main.storyboard; sourceTree = "<group>"; };
		837E93B9260AF6FA00BA7E38 /* Task_List.xcdatamodel */ = {isa = PBXFileReference; lastKnownFileType = wrapper.xcdatamodel; path = Task_List.xcdatamodel; sourceTree = "<group>"; };
		837E93BB260AF6FF00BA7E38 /* Assets.xcassets */ = {isa = PBXFileReference; lastKnownFileType = folder.assetcatalog; path = Assets.xcassets; sourceTree = "<group>"; };
		837E93BE260AF6FF00BA7E38 /* Base */ = {isa = PBXFileReference; lastKnownFileType = file.storyboard; name = Base; path = Base.lproj/LaunchScreen.storyboard; sourceTree = "<group>"; };
		837E93C0260AF6FF00BA7E38 /* Info.plist */ = {isa = PBXFileReference; lastKnownFileType = text.plist.xml; path = Info.plist; sourceTree = "<group>"; };
		837E93C5260AF70000BA7E38 /* Task ListTests.xctest */ = {isa = PBXFileReference; explicitFileType = wrapper.cfbundle; includeInIndex = 0; path = "Task ListTests.xctest"; sourceTree = BUILT_PRODUCTS_DIR; };
		837E93C9260AF70000BA7E38 /* Task_ListTests.swift */ = {isa = PBXFileReference; lastKnownFileType = sourcecode.swift; path = Task_ListTests.swift; sourceTree = "<group>"; };
		837E93CB260AF70000BA7E38 /* Info.plist */ = {isa = PBXFileReference; lastKnownFileType = text.plist.xml; path = Info.plist; sourceTree = "<group>"; };
		837E93D0260AF70000BA7E38 /* Task ListUITests.xctest */ = {isa = PBXFileReference; explicitFileType = wrapper.cfbundle; includeInIndex = 0; path = "Task ListUITests.xctest"; sourceTree = BUILT_PRODUCTS_DIR; };
		837E93D4260AF70000BA7E38 /* Task_ListUITests.swift */ = {isa = PBXFileReference; lastKnownFileType = sourcecode.swift; path = Task_ListUITests.swift; sourceTree = "<group>"; };
		837E93D6260AF70000BA7E38 /* Info.plist */ = {isa = PBXFileReference; lastKnownFileType = text.plist.xml; path = Info.plist; sourceTree = "<group>"; };
/* End PBXFileReference section */

/* Begin PBXFrameworksBuildPhase section */
		837E93A9260AF6FA00BA7E38 /* Frameworks */ = {
			isa = PBXFrameworksBuildPhase;
			buildActionMask = 2147483647;
			files = (
			);
			runOnlyForDeploymentPostprocessing = 0;
		};
		837E93C2260AF70000BA7E38 /* Frameworks */ = {
			isa = PBXFrameworksBuildPhase;
			buildActionMask = 2147483647;
			files = (
			);
			runOnlyForDeploymentPostprocessing = 0;
		};
		837E93CD260AF70000BA7E38 /* Frameworks */ = {
			isa = PBXFrameworksBuildPhase;
			buildActionMask = 2147483647;
			files = (
			);
			runOnlyForDeploymentPostprocessing = 0;
		};
/* End PBXFrameworksBuildPhase section */

/* Begin PBXGroup section */
		837E93A3260AF6F900BA7E38 = {
			isa = PBXGroup;
			children = (
				837E93AE260AF6FA00BA7E38 /* Task List */,
				837E93C8260AF70000BA7E38 /* Task ListTests */,
				837E93D3260AF70000BA7E38 /* Task ListUITests */,
				837E93AD260AF6FA00BA7E38 /* Products */,
			);
			sourceTree = "<group>";
		};
		837E93AD260AF6FA00BA7E38 /* Products */ = {
			isa = PBXGroup;
			children = (
				837E93AC260AF6FA00BA7E38 /* Task List.app */,
				837E93C5260AF70000BA7E38 /* Task ListTests.xctest */,
				837E93D0260AF70000BA7E38 /* Task ListUITests.xctest */,
			);
			name = Products;
			sourceTree = "<group>";
		};
		837E93AE260AF6FA00BA7E38 /* Task List */ = {
			isa = PBXGroup;
			children = (
				837E93EE260B3DBE00BA7E38 /* Data Model */,
				837E93AF260AF6FA00BA7E38 /* AppDelegate.swift */,
				837E93B1260AF6FA00BA7E38 /* SceneDelegate.swift */,
				837E93B3260AF6FA00BA7E38 /* TaskListViewController.swift */,
				837E93B5260AF6FA00BA7E38 /* Main.storyboard */,
				837E93BB260AF6FF00BA7E38 /* Assets.xcassets */,
				837E93BD260AF6FF00BA7E38 /* LaunchScreen.storyboard */,
				837E93C0260AF6FF00BA7E38 /* Info.plist */,
				837E93B8260AF6FA00BA7E38 /* Task_List.xcdatamodeld */,
			);
			path = "Task List";
			sourceTree = "<group>";
		};
		837E93C8260AF70000BA7E38 /* Task ListTests */ = {
			isa = PBXGroup;
			children = (
				837E93C9260AF70000BA7E38 /* Task_ListTests.swift */,
				837E93CB260AF70000BA7E38 /* Info.plist */,
			);
			path = "Task ListTests";
			sourceTree = "<group>";
		};
		837E93D3260AF70000BA7E38 /* Task ListUITests */ = {
			isa = PBXGroup;
			children = (
				837E93D4260AF70000BA7E38 /* Task_ListUITests.swift */,
				837E93D6260AF70000BA7E38 /* Info.plist */,
			);
			path = "Task ListUITests";
			sourceTree = "<group>";
		};
		837E93EE260B3DBE00BA7E38 /* Data Model */ = {
			isa = PBXGroup;
			children = (
			);
			path = "Data Model";
			sourceTree = "<group>";
		};
/* End PBXGroup section */

/* Begin PBXNativeTarget section */
		837E93AB260AF6FA00BA7E38 /* Task List */ = {
			isa = PBXNativeTarget;
			buildConfigurationList = 837E93D9260AF70000BA7E38 /* Build configuration list for PBXNativeTarget "Task List" */;
			buildPhases = (
				837E93A8260AF6FA00BA7E38 /* Sources */,
				837E93A9260AF6FA00BA7E38 /* Frameworks */,
				837E93AA260AF6FA00BA7E38 /* Resources */,
			);
			buildRules = (
			);
			dependencies = (
			);
			name = "Task List";
			productName = "Task List";
			productReference = 837E93AC260AF6FA00BA7E38 /* Task List.app */;
			productType = "com.apple.product-type.application";
		};
		837E93C4260AF70000BA7E38 /* Task ListTests */ = {
			isa = PBXNativeTarget;
			buildConfigurationList = 837E93DC260AF70000BA7E38 /* Build configuration list for PBXNativeTarget "Task ListTests" */;
			buildPhases = (
				837E93C1260AF70000BA7E38 /* Sources */,
				837E93C2260AF70000BA7E38 /* Frameworks */,
				837E93C3260AF70000BA7E38 /* Resources */,
			);
			buildRules = (
			);
			dependencies = (
				837E93C7260AF70000BA7E38 /* PBXTargetDependency */,
			);
			name = "Task ListTests";
			productName = "Task ListTests";
			productReference = 837E93C5260AF70000BA7E38 /* Task ListTests.xctest */;
			productType = "com.apple.product-type.bundle.unit-test";
		};
		837E93CF260AF70000BA7E38 /* Task ListUITests */ = {
			isa = PBXNativeTarget;
			buildConfigurationList = 837E93DF260AF70000BA7E38 /* Build configuration list for PBXNativeTarget "Task ListUITests" */;
			buildPhases = (
				837E93CC260AF70000BA7E38 /* Sources */,
				837E93CD260AF70000BA7E38 /* Frameworks */,
				837E93CE260AF70000BA7E38 /* Resources */,
			);
			buildRules = (
			);
			dependencies = (
				837E93D2260AF70000BA7E38 /* PBXTargetDependency */,
			);
			name = "Task ListUITests";
			productName = "Task ListUITests";
			productReference = 837E93D0260AF70000BA7E38 /* Task ListUITests.xctest */;
			productType = "com.apple.product-type.bundle.ui-testing";
		};
/* End PBXNativeTarget section */

/* Begin PBXProject section */
		837E93A4260AF6F900BA7E38 /* Project object */ = {
			isa = PBXProject;
			attributes = {
				LastSwiftUpdateCheck = 1240;
				LastUpgradeCheck = 1240;
				TargetAttributes = {
					837E93AB260AF6FA00BA7E38 = {
						CreatedOnToolsVersion = 12.4;
					};
					837E93C4260AF70000BA7E38 = {
						CreatedOnToolsVersion = 12.4;
						TestTargetID = 837E93AB260AF6FA00BA7E38;
					};
					837E93CF260AF70000BA7E38 = {
						CreatedOnToolsVersion = 12.4;
						TestTargetID = 837E93AB260AF6FA00BA7E38;
					};
				};
			};
			buildConfigurationList = 837E93A7260AF6F900BA7E38 /* Build configuration list for PBXProject "Task List" */;
			compatibilityVersion = "Xcode 9.3";
			developmentRegion = en;
			hasScannedForEncodings = 0;
			knownRegions = (
				en,
				Base,
			);
			mainGroup = 837E93A3260AF6F900BA7E38;
			productRefGroup = 837E93AD260AF6FA00BA7E38 /* Products */;
			projectDirPath = "";
			projectRoot = "";
			targets = (
				837E93AB260AF6FA00BA7E38 /* Task List */,
				837E93C4260AF70000BA7E38 /* Task ListTests */,
				837E93CF260AF70000BA7E38 /* Task ListUITests */,
			);
		};
/* End PBXProject section */

/* Begin PBXResourcesBuildPhase section */
		837E93AA260AF6FA00BA7E38 /* Resources */ = {
			isa = PBXResourcesBuildPhase;
			buildActionMask = 2147483647;
			files = (
				837E93BF260AF6FF00BA7E38 /* LaunchScreen.storyboard in Resources */,
				837E93BC260AF6FF00BA7E38 /* Assets.xcassets in Resources */,
				837E93B7260AF6FA00BA7E38 /* Main.storyboard in Resources */,
			);
			runOnlyForDeploymentPostprocessing = 0;
		};
		837E93C3260AF70000BA7E38 /* Resources */ = {
			isa = PBXResourcesBuildPhase;
			buildActionMask = 2147483647;
			files = (
			);
			runOnlyForDeploymentPostprocessing = 0;
		};
		837E93CE260AF70000BA7E38 /* Resources */ = {
			isa = PBXResourcesBuildPhase;
			buildActionMask = 2147483647;
			files = (
			);
			runOnlyForDeploymentPostprocessing = 0;
		};
/* End PBXResourcesBuildPhase section */

/* Begin PBXSourcesBuildPhase section */
		837E93A8260AF6FA00BA7E38 /* Sources */ = {
			isa = PBXSourcesBuildPhase;
			buildActionMask = 2147483647;
			files = (
				837E93BA260AF6FA00BA7E38 /* Task_List.xcdatamodeld in Sources */,
				837E93B4260AF6FA00BA7E38 /* TaskListViewController.swift in Sources */,
				837E93B0260AF6FA00BA7E38 /* AppDelegate.swift in Sources */,
				837E93B2260AF6FA00BA7E38 /* SceneDelegate.swift in Sources */,
			);
			runOnlyForDeploymentPostprocessing = 0;
		};
		837E93C1260AF70000BA7E38 /* Sources */ = {
			isa = PBXSourcesBuildPhase;
			buildActionMask = 2147483647;
			files = (
				837E93CA260AF70000BA7E38 /* Task_ListTests.swift in Sources */,
			);
			runOnlyForDeploymentPostprocessing = 0;
		};
		837E93CC260AF70000BA7E38 /* Sources */ = {
			isa = PBXSourcesBuildPhase;
			buildActionMask = 2147483647;
			files = (
				837E93D5260AF70000BA7E38 /* Task_ListUITests.swift in Sources */,
			);
			runOnlyForDeploymentPostprocessing = 0;
		};
/* End PBXSourcesBuildPhase section */

/* Begin PBXTargetDependency section */
		837E93C7260AF70000BA7E38 /* PBXTargetDependency */ = {
			isa = PBXTargetDependency;
			target = 837E93AB260AF6FA00BA7E38 /* Task List */;
			targetProxy = 837E93C6260AF70000BA7E38 /* PBXContainerItemProxy */;
		};
		837E93D2260AF70000BA7E38 /* PBXTargetDependency */ = {
			isa = PBXTargetDependency;
			target = 837E93AB260AF6FA00BA7E38 /* Task List */;
			targetProxy = 837E93D1260AF70000BA7E38 /* PBXContainerItemProxy */;
		};
/* End PBXTargetDependency section */

/* Begin PBXVariantGroup section */
		837E93B5260AF6FA00BA7E38 /* Main.storyboard */ = {
			isa = PBXVariantGroup;
			children = (
				837E93B6260AF6FA00BA7E38 /* Base */,
			);
			name = Main.storyboard;
			sourceTree = "<group>";
		};
		837E93BD260AF6FF00BA7E38 /* LaunchScreen.storyboard */ = {
			isa = PBXVariantGroup;
			children = (
				837E93BE260AF6FF00BA7E38 /* Base */,
			);
			name = LaunchScreen.storyboard;
			sourceTree = "<group>";
		};
/* End PBXVariantGroup section */

/* Begin XCBuildConfiguration section */
		837E93D7260AF70000BA7E38 /* Debug */ = {
			isa = XCBuildConfiguration;
			buildSettings = {
				ALWAYS_SEARCH_USER_PATHS = NO;
				CLANG_ANALYZER_NONNULL = YES;
				CLANG_ANALYZER_NUMBER_OBJECT_CONVERSION = YES_AGGRESSIVE;
				CLANG_CXX_LANGUAGE_STANDARD = "gnu++14";
				CLANG_CXX_LIBRARY = "libc++";
				CLANG_ENABLE_MODULES = YES;
				CLANG_ENABLE_OBJC_ARC = YES;
				CLANG_ENABLE_OBJC_WEAK = YES;
				CLANG_WARN_BLOCK_CAPTURE_AUTORELEASING = YES;
				CLANG_WARN_BOOL_CONVERSION = YES;
				CLANG_WARN_COMMA = YES;
				CLANG_WARN_CONSTANT_CONVERSION = YES;
				CLANG_WARN_DEPRECATED_OBJC_IMPLEMENTATIONS = YES;
				CLANG_WARN_DIRECT_OBJC_ISA_USAGE = YES_ERROR;
				CLANG_WARN_DOCUMENTATION_COMMENTS = YES;
				CLANG_WARN_EMPTY_BODY = YES;
				CLANG_WARN_ENUM_CONVERSION = YES;
				CLANG_WARN_INFINITE_RECURSION = YES;
				CLANG_WARN_INT_CONVERSION = YES;
				CLANG_WARN_NON_LITERAL_NULL_CONVERSION = YES;
				CLANG_WARN_OBJC_IMPLICIT_RETAIN_SELF = YES;
				CLANG_WARN_OBJC_LITERAL_CONVERSION = YES;
				CLANG_WARN_OBJC_ROOT_CLASS = YES_ERROR;
				CLANG_WARN_QUOTED_INCLUDE_IN_FRAMEWORK_HEADER = YES;
				CLANG_WARN_RANGE_LOOP_ANALYSIS = YES;
				CLANG_WARN_STRICT_PROTOTYPES = YES;
				CLANG_WARN_SUSPICIOUS_MOVE = YES;
				CLANG_WARN_UNGUARDED_AVAILABILITY = YES_AGGRESSIVE;
				CLANG_WARN_UNREACHABLE_CODE = YES;
				CLANG_WARN__DUPLICATE_METHOD_MATCH = YES;
				COPY_PHASE_STRIP = NO;
				DEBUG_INFORMATION_FORMAT = dwarf;
				ENABLE_STRICT_OBJC_MSGSEND = YES;
				ENABLE_TESTABILITY = YES;
				GCC_C_LANGUAGE_STANDARD = gnu11;
				GCC_DYNAMIC_NO_PIC = NO;
				GCC_NO_COMMON_BLOCKS = YES;
				GCC_OPTIMIZATION_LEVEL = 0;
				GCC_PREPROCESSOR_DEFINITIONS = (
					"DEBUG=1",
					"$(inherited)",
				);
				GCC_WARN_64_TO_32_BIT_CONVERSION = YES;
				GCC_WARN_ABOUT_RETURN_TYPE = YES_ERROR;
				GCC_WARN_UNDECLARED_SELECTOR = YES;
				GCC_WARN_UNINITIALIZED_AUTOS = YES_AGGRESSIVE;
				GCC_WARN_UNUSED_FUNCTION = YES;
				GCC_WARN_UNUSED_VARIABLE = YES;
				IPHONEOS_DEPLOYMENT_TARGET = 14.4;
				MTL_ENABLE_DEBUG_INFO = INCLUDE_SOURCE;
				MTL_FAST_MATH = YES;
				ONLY_ACTIVE_ARCH = YES;
				SDKROOT = iphoneos;
				SWIFT_ACTIVE_COMPILATION_CONDITIONS = DEBUG;
				SWIFT_OPTIMIZATION_LEVEL = "-Onone";
			};
			name = Debug;
		};
		837E93D8260AF70000BA7E38 /* Release */ = {
			isa = XCBuildConfiguration;
			buildSettings = {
				ALWAYS_SEARCH_USER_PATHS = NO;
				CLANG_ANALYZER_NONNULL = YES;
				CLANG_ANALYZER_NUMBER_OBJECT_CONVERSION = YES_AGGRESSIVE;
				CLANG_CXX_LANGUAGE_STANDARD = "gnu++14";
				CLANG_CXX_LIBRARY = "libc++";
				CLANG_ENABLE_MODULES = YES;
				CLANG_ENABLE_OBJC_ARC = YES;
				CLANG_ENABLE_OBJC_WEAK = YES;
				CLANG_WARN_BLOCK_CAPTURE_AUTORELEASING = YES;
				CLANG_WARN_BOOL_CONVERSION = YES;
				CLANG_WARN_COMMA = YES;
				CLANG_WARN_CONSTANT_CONVERSION = YES;
				CLANG_WARN_DEPRECATED_OBJC_IMPLEMENTATIONS = YES;
				CLANG_WARN_DIRECT_OBJC_ISA_USAGE = YES_ERROR;
				CLANG_WARN_DOCUMENTATION_COMMENTS = YES;
				CLANG_WARN_EMPTY_BODY = YES;
				CLANG_WARN_ENUM_CONVERSION = YES;
				CLANG_WARN_INFINITE_RECURSION = YES;
				CLANG_WARN_INT_CONVERSION = YES;
				CLANG_WARN_NON_LITERAL_NULL_CONVERSION = YES;
				CLANG_WARN_OBJC_IMPLICIT_RETAIN_SELF = YES;
				CLANG_WARN_OBJC_LITERAL_CONVERSION = YES;
				CLANG_WARN_OBJC_ROOT_CLASS = YES_ERROR;
				CLANG_WARN_QUOTED_INCLUDE_IN_FRAMEWORK_HEADER = YES;
				CLANG_WARN_RANGE_LOOP_ANALYSIS = YES;
				CLANG_WARN_STRICT_PROTOTYPES = YES;
				CLANG_WARN_SUSPICIOUS_MOVE = YES;
				CLANG_WARN_UNGUARDED_AVAILABILITY = YES_AGGRESSIVE;
				CLANG_WARN_UNREACHABLE_CODE = YES;
				CLANG_WARN__DUPLICATE_METHOD_MATCH = YES;
				COPY_PHASE_STRIP = NO;
				DEBUG_INFORMATION_FORMAT = "dwarf-with-dsym";
				ENABLE_NS_ASSERTIONS = NO;
				ENABLE_STRICT_OBJC_MSGSEND = YES;
				GCC_C_LANGUAGE_STANDARD = gnu11;
				GCC_NO_COMMON_BLOCKS = YES;
				GCC_WARN_64_TO_32_BIT_CONVERSION = YES;
				GCC_WARN_ABOUT_RETURN_TYPE = YES_ERROR;
				GCC_WARN_UNDECLARED_SELECTOR = YES;
				GCC_WARN_UNINITIALIZED_AUTOS = YES_AGGRESSIVE;
				GCC_WARN_UNUSED_FUNCTION = YES;
				GCC_WARN_UNUSED_VARIABLE = YES;
				IPHONEOS_DEPLOYMENT_TARGET = 14.4;
				MTL_ENABLE_DEBUG_INFO = NO;
				MTL_FAST_MATH = YES;
				SDKROOT = iphoneos;
				SWIFT_COMPILATION_MODE = wholemodule;
				SWIFT_OPTIMIZATION_LEVEL = "-O";
				VALIDATE_PRODUCT = YES;
			};
			name = Release;
		};
		837E93DA260AF70000BA7E38 /* Debug */ = {
			isa = XCBuildConfiguration;
			buildSettings = {
				ASSETCATALOG_COMPILER_APPICON_NAME = AppIcon;
				ASSETCATALOG_COMPILER_GLOBAL_ACCENT_COLOR_NAME = AccentColor;
				CODE_SIGN_STYLE = Automatic;
				DEVELOPMENT_TEAM = K4A9T7D84R;
				INFOPLIST_FILE = "Task List/Info.plist";
				LD_RUNPATH_SEARCH_PATHS = (
					"$(inherited)",
					"@executable_path/Frameworks",
				);
				PRODUCT_BUNDLE_IDENTIFIER = "com.Matrix-Soulutions.Task-List";
				PRODUCT_NAME = "$(TARGET_NAME)";
				SWIFT_VERSION = 5.0;
				TARGETED_DEVICE_FAMILY = "1,2";
			};
			name = Debug;
		};
		837E93DB260AF70000BA7E38 /* Release */ = {
			isa = XCBuildConfiguration;
			buildSettings = {
				ASSETCATALOG_COMPILER_APPICON_NAME = AppIcon;
				ASSETCATALOG_COMPILER_GLOBAL_ACCENT_COLOR_NAME = AccentColor;
				CODE_SIGN_STYLE = Automatic;
				DEVELOPMENT_TEAM = K4A9T7D84R;
				INFOPLIST_FILE = "Task List/Info.plist";
				LD_RUNPATH_SEARCH_PATHS = (
					"$(inherited)",
					"@executable_path/Frameworks",
				);
				PRODUCT_BUNDLE_IDENTIFIER = "com.Matrix-Soulutions.Task-List";
				PRODUCT_NAME = "$(TARGET_NAME)";
				SWIFT_VERSION = 5.0;
				TARGETED_DEVICE_FAMILY = "1,2";
			};
			name = Release;
		};
		837E93DD260AF70000BA7E38 /* Debug */ = {
			isa = XCBuildConfiguration;
			buildSettings = {
				ALWAYS_EMBED_SWIFT_STANDARD_LIBRARIES = YES;
				BUNDLE_LOADER = "$(TEST_HOST)";
				CODE_SIGN_STYLE = Automatic;
				DEVELOPMENT_TEAM = K4A9T7D84R;
				INFOPLIST_FILE = "Task ListTests/Info.plist";
				IPHONEOS_DEPLOYMENT_TARGET = 14.4;
				LD_RUNPATH_SEARCH_PATHS = (
					"$(inherited)",
					"@executable_path/Frameworks",
					"@loader_path/Frameworks",
				);
				PRODUCT_BUNDLE_IDENTIFIER = "com.Matrix-Soulutions.Task-ListTests";
				PRODUCT_NAME = "$(TARGET_NAME)";
				SWIFT_VERSION = 5.0;
				TARGETED_DEVICE_FAMILY = "1,2";
				TEST_HOST = "$(BUILT_PRODUCTS_DIR)/Task List.app/Task List";
			};
			name = Debug;
		};
		837E93DE260AF70000BA7E38 /* Release */ = {
			isa = XCBuildConfiguration;
			buildSettings = {
				ALWAYS_EMBED_SWIFT_STANDARD_LIBRARIES = YES;
				BUNDLE_LOADER = "$(TEST_HOST)";
				CODE_SIGN_STYLE = Automatic;
				DEVELOPMENT_TEAM = K4A9T7D84R;
				INFOPLIST_FILE = "Task ListTests/Info.plist";
				IPHONEOS_DEPLOYMENT_TARGET = 14.4;
				LD_RUNPATH_SEARCH_PATHS = (
					"$(inherited)",
					"@executable_path/Frameworks",
					"@loader_path/Frameworks",
				);
				PRODUCT_BUNDLE_IDENTIFIER = "com.Matrix-Soulutions.Task-ListTests";
				PRODUCT_NAME = "$(TARGET_NAME)";
				SWIFT_VERSION = 5.0;
				TARGETED_DEVICE_FAMILY = "1,2";
				TEST_HOST = "$(BUILT_PRODUCTS_DIR)/Task List.app/Task List";
			};
			name = Release;
		};
		837E93E0260AF70000BA7E38 /* Debug */ = {
			isa = XCBuildConfiguration;
			buildSettings = {
				ALWAYS_EMBED_SWIFT_STANDARD_LIBRARIES = YES;
				CODE_SIGN_STYLE = Automatic;
				DEVELOPMENT_TEAM = K4A9T7D84R;
				INFOPLIST_FILE = "Task ListUITests/Info.plist";
				LD_RUNPATH_SEARCH_PATHS = (
					"$(inherited)",
					"@executable_path/Frameworks",
					"@loader_path/Frameworks",
				);
				PRODUCT_BUNDLE_IDENTIFIER = "com.Matrix-Soulutions.Task-ListUITests";
				PRODUCT_NAME = "$(TARGET_NAME)";
				SWIFT_VERSION = 5.0;
				TARGETED_DEVICE_FAMILY = "1,2";
				TEST_TARGET_NAME = "Task List";
			};
			name = Debug;
		};
		837E93E1260AF70000BA7E38 /* Release */ = {
			isa = XCBuildConfiguration;
			buildSettings = {
				ALWAYS_EMBED_SWIFT_STANDARD_LIBRARIES = YES;
				CODE_SIGN_STYLE = Automatic;
				DEVELOPMENT_TEAM = K4A9T7D84R;
				INFOPLIST_FILE = "Task ListUITests/Info.plist";
				LD_RUNPATH_SEARCH_PATHS = (
					"$(inherited)",
					"@executable_path/Frameworks",
					"@loader_path/Frameworks",
				);
				PRODUCT_BUNDLE_IDENTIFIER = "com.Matrix-Soulutions.Task-ListUITests";
				PRODUCT_NAME = "$(TARGET_NAME)";
				SWIFT_VERSION = 5.0;
				TARGETED_DEVICE_FAMILY = "1,2";
				TEST_TARGET_NAME = "Task List";
			};
			name = Release;
		};
/* End XCBuildConfiguration section */

/* Begin XCConfigurationList section */
		837E93A7260AF6F900BA7E38 /* Build configuration list for PBXProject "Task List" */ = {
			isa = XCConfigurationList;
			buildConfigurations = (
				837E93D7260AF70000BA7E38 /* Debug */,
				837E93D8260AF70000BA7E38 /* Release */,
			);
			defaultConfigurationIsVisible = 0;
			defaultConfigurationName = Release;
		};
		837E93D9260AF70000BA7E38 /* Build configuration list for PBXNativeTarget "Task List" */ = {
			isa = XCConfigurationList;
			buildConfigurations = (
				837E93DA260AF70000BA7E38 /* Debug */,
				837E93DB260AF70000BA7E38 /* Release */,
			);
			defaultConfigurationIsVisible = 0;
			defaultConfigurationName = Release;
		};
		837E93DC260AF70000BA7E38 /* Build configuration list for PBXNativeTarget "Task ListTests" */ = {
			isa = XCConfigurationList;
			buildConfigurations = (
				837E93DD260AF70000BA7E38 /* Debug */,
				837E93DE260AF70000BA7E38 /* Release */,
			);
			defaultConfigurationIsVisible = 0;
			defaultConfigurationName = Release;
		};
		837E93DF260AF70000BA7E38 /* Build configuration list for PBXNativeTarget "Task ListUITests" */ = {
			isa = XCConfigurationList;
			buildConfigurations = (
				837E93E0260AF70000BA7E38 /* Debug */,
				837E93E1260AF70000BA7E38 /* Release */,
			);
			defaultConfigurationIsVisible = 0;
			defaultConfigurationName = Release;
		};
/* End XCConfigurationList section */

/* Begin XCVersionGroup section */
		837E93B8260AF6FA00BA7E38 /* Task_List.xcdatamodeld */ = {
			isa = XCVersionGroup;
			children = (
				837E93B9260AF6FA00BA7E38 /* Task_List.xcdatamodel */,
			);
			currentVersion = 837E93B9260AF6FA00BA7E38 /* Task_List.xcdatamodel */;
			path = Task_List.xcdatamodeld;
			sourceTree = "<group>";
			versionGroupType = wrapper.xcdatamodel;
		};
/* End XCVersionGroup section */
	};
	rootObject = 837E93A4260AF6F900BA7E38 /* Project object */;
}
